// !$*UTF8*$!
{
	archiveVersion = 1;
	classes = {
	};
	objectVersion = 77;
	objects = {

/* Begin PBXContainerItemProxy section */
		3B2CD6642CE5DCC000C5FCBB /* PBXContainerItemProxy */ = {
			isa = PBXContainerItemProxy;
			containerPortal = 3B2CD64B2CE5DCBE00C5FCBB /* Project object */;
			proxyType = 1;
			remoteGlobalIDString = 3B2CD6522CE5DCBE00C5FCBB;
			remoteInfo = Tonic;
		};
		3B2CD66E2CE5DCC000C5FCBB /* PBXContainerItemProxy */ = {
			isa = PBXContainerItemProxy;
			containerPortal = 3B2CD64B2CE5DCBE00C5FCBB /* Project object */;
			proxyType = 1;
			remoteGlobalIDString = 3B2CD6522CE5DCBE00C5FCBB;
			remoteInfo = Tonic;
		};
/* End PBXContainerItemProxy section */

/* Begin PBXFileReference section */
		3B2CD6532CE5DCBE00C5FCBB /* Tonic.app */ = {isa = PBXFileReference; explicitFileType = wrapper.application; includeInIndex = 0; path = Tonic.app; sourceTree = BUILT_PRODUCTS_DIR; };
		3B2CD6632CE5DCC000C5FCBB /* TonicTests.xctest */ = {isa = PBXFileReference; explicitFileType = wrapper.cfbundle; includeInIndex = 0; path = TonicTests.xctest; sourceTree = BUILT_PRODUCTS_DIR; };
		3B2CD66D2CE5DCC000C5FCBB /* TonicUITests.xctest */ = {isa = PBXFileReference; explicitFileType = wrapper.cfbundle; includeInIndex = 0; path = TonicUITests.xctest; sourceTree = BUILT_PRODUCTS_DIR; };
/* End PBXFileReference section */

/* Begin PBXFileSystemSynchronizedRootGroup section */
		3B2CD6552CE5DCBE00C5FCBB /* Tonic */ = {
			isa = PBXFileSystemSynchronizedRootGroup;
			path = Tonic;
			sourceTree = "<group>";
		};
		3B2CD6662CE5DCC000C5FCBB /* TonicTests */ = {
			isa = PBXFileSystemSynchronizedRootGroup;
			path = TonicTests;
			sourceTree = "<group>";
		};
		3B2CD6702CE5DCC000C5FCBB /* TonicUITests */ = {
			isa = PBXFileSystemSynchronizedRootGroup;
			path = TonicUITests;
			sourceTree = "<group>";
		};
/* End PBXFileSystemSynchronizedRootGroup section */

/* Begin PBXFrameworksBuildPhase section */
		3B2CD6502CE5DCBE00C5FCBB /* Frameworks */ = {
			isa = PBXFrameworksBuildPhase;
			buildActionMask = 2147483647;
			files = (
			);
			runOnlyForDeploymentPostprocessing = 0;
		};
		3B2CD6602CE5DCC000C5FCBB /* Frameworks */ = {
			isa = PBXFrameworksBuildPhase;
			buildActionMask = 2147483647;
			files = (
			);
			runOnlyForDeploymentPostprocessing = 0;
		};
		3B2CD66A2CE5DCC000C5FCBB /* Frameworks */ = {
			isa = PBXFrameworksBuildPhase;
			buildActionMask = 2147483647;
			files = (
			);
			runOnlyForDeploymentPostprocessing = 0;
		};
/* End PBXFrameworksBuildPhase section */

/* Begin PBXGroup section */
		3B2CD64A2CE5DCBE00C5FCBB = {
			isa = PBXGroup;
			children = (
				3B2CD6552CE5DCBE00C5FCBB /* Tonic */,
				3B2CD6662CE5DCC000C5FCBB /* TonicTests */,
				3B2CD6702CE5DCC000C5FCBB /* TonicUITests */,
				3B2CD6542CE5DCBE00C5FCBB /* Products */,
			);
			sourceTree = "<group>";
		};
		3B2CD6542CE5DCBE00C5FCBB /* Products */ = {
			isa = PBXGroup;
			children = (
				3B2CD6532CE5DCBE00C5FCBB /* Tonic.app */,
				3B2CD6632CE5DCC000C5FCBB /* TonicTests.xctest */,
				3B2CD66D2CE5DCC000C5FCBB /* TonicUITests.xctest */,
			);
			name = Products;
			sourceTree = "<group>";
		};
/* End PBXGroup section */

/* Begin PBXNativeTarget section */
		3B2CD6522CE5DCBE00C5FCBB /* Tonic */ = {
			isa = PBXNativeTarget;
			buildConfigurationList = 3B2CD6772CE5DCC000C5FCBB /* Build configuration list for PBXNativeTarget "Tonic" */;
			buildPhases = (
				3B2CD64F2CE5DCBE00C5FCBB /* Sources */,
				3B2CD6502CE5DCBE00C5FCBB /* Frameworks */,
				3B2CD6512CE5DCBE00C5FCBB /* Resources */,
			);
			buildRules = (
			);
			dependencies = (
			);
			fileSystemSynchronizedGroups = (
				3B2CD6552CE5DCBE00C5FCBB /* Tonic */,
			);
			name = Tonic;
			packageProductDependencies = (
			);
			productName = Tonic;
			productReference = 3B2CD6532CE5DCBE00C5FCBB /* Tonic.app */;
			productType = "com.apple.product-type.application";
		};
		3B2CD6622CE5DCC000C5FCBB /* TonicTests */ = {
			isa = PBXNativeTarget;
			buildConfigurationList = 3B2CD67A2CE5DCC000C5FCBB /* Build configuration list for PBXNativeTarget "TonicTests" */;
			buildPhases = (
				3B2CD65F2CE5DCC000C5FCBB /* Sources */,
				3B2CD6602CE5DCC000C5FCBB /* Frameworks */,
				3B2CD6612CE5DCC000C5FCBB /* Resources */,
			);
			buildRules = (
			);
			dependencies = (
				3B2CD6652CE5DCC000C5FCBB /* PBXTargetDependency */,
			);
			fileSystemSynchronizedGroups = (
				3B2CD6662CE5DCC000C5FCBB /* TonicTests */,
			);
			name = TonicTests;
			packageProductDependencies = (
			);
			productName = TonicTests;
			productReference = 3B2CD6632CE5DCC000C5FCBB /* TonicTests.xctest */;
			productType = "com.apple.product-type.bundle.unit-test";
		};
		3B2CD66C2CE5DCC000C5FCBB /* TonicUITests */ = {
			isa = PBXNativeTarget;
			buildConfigurationList = 3B2CD67D2CE5DCC000C5FCBB /* Build configuration list for PBXNativeTarget "TonicUITests" */;
			buildPhases = (
				3B2CD6692CE5DCC000C5FCBB /* Sources */,
				3B2CD66A2CE5DCC000C5FCBB /* Frameworks */,
				3B2CD66B2CE5DCC000C5FCBB /* Resources */,
			);
			buildRules = (
			);
			dependencies = (
				3B2CD66F2CE5DCC000C5FCBB /* PBXTargetDependency */,
			);
			fileSystemSynchronizedGroups = (
				3B2CD6702CE5DCC000C5FCBB /* TonicUITests */,
			);
			name = TonicUITests;
			packageProductDependencies = (
			);
			productName = TonicUITests;
			productReference = 3B2CD66D2CE5DCC000C5FCBB /* TonicUITests.xctest */;
			productType = "com.apple.product-type.bundle.ui-testing";
		};
/* End PBXNativeTarget section */

/* Begin PBXProject section */
		3B2CD64B2CE5DCBE00C5FCBB /* Project object */ = {
			isa = PBXProject;
			attributes = {
				BuildIndependentTargetsInParallel = 1;
				LastSwiftUpdateCheck = 1610;
				LastUpgradeCheck = 1610;
				TargetAttributes = {
					3B2CD6522CE5DCBE00C5FCBB = {
						CreatedOnToolsVersion = 16.1;
					};
					3B2CD6622CE5DCC000C5FCBB = {
						CreatedOnToolsVersion = 16.1;
						TestTargetID = 3B2CD6522CE5DCBE00C5FCBB;
					};
					3B2CD66C2CE5DCC000C5FCBB = {
						CreatedOnToolsVersion = 16.1;
						TestTargetID = 3B2CD6522CE5DCBE00C5FCBB;
					};
				};
			};
			buildConfigurationList = 3B2CD64E2CE5DCBE00C5FCBB /* Build configuration list for PBXProject "Tonic" */;
			developmentRegion = en;
			hasScannedForEncodings = 0;
			knownRegions = (
				en,
				Base,
			);
			mainGroup = 3B2CD64A2CE5DCBE00C5FCBB;
			minimizedProjectReferenceProxies = 1;
			preferredProjectObjectVersion = 77;
			productRefGroup = 3B2CD6542CE5DCBE00C5FCBB /* Products */;
			projectDirPath = "";
			projectRoot = "";
			targets = (
				3B2CD6522CE5DCBE00C5FCBB /* Tonic */,
				3B2CD6622CE5DCC000C5FCBB /* TonicTests */,
				3B2CD66C2CE5DCC000C5FCBB /* TonicUITests */,
			);
		};
/* End PBXProject section */

/* Begin PBXResourcesBuildPhase section */
		3B2CD6512CE5DCBE00C5FCBB /* Resources */ = {
			isa = PBXResourcesBuildPhase;
			buildActionMask = 2147483647;
			files = (
			);
			runOnlyForDeploymentPostprocessing = 0;
		};
		3B2CD6612CE5DCC000C5FCBB /* Resources */ = {
			isa = PBXResourcesBuildPhase;
			buildActionMask = 2147483647;
			files = (
			);
			runOnlyForDeploymentPostprocessing = 0;
		};
		3B2CD66B2CE5DCC000C5FCBB /* Resources */ = {
			isa = PBXResourcesBuildPhase;
			buildActionMask = 2147483647;
			files = (
			);
			runOnlyForDeploymentPostprocessing = 0;
		};
/* End PBXResourcesBuildPhase section */

/* Begin PBXSourcesBuildPhase section */
		3B2CD64F2CE5DCBE00C5FCBB /* Sources */ = {
			isa = PBXSourcesBuildPhase;
			buildActionMask = 2147483647;
			files = (
			);
			runOnlyForDeploymentPostprocessing = 0;
		};
		3B2CD65F2CE5DCC000C5FCBB /* Sources */ = {
			isa = PBXSourcesBuildPhase;
			buildActionMask = 2147483647;
			files = (
			);
			runOnlyForDeploymentPostprocessing = 0;
		};
		3B2CD6692CE5DCC000C5FCBB /* Sources */ = {
			isa = PBXSourcesBuildPhase;
			buildActionMask = 2147483647;
			files = (
			);
			runOnlyForDeploymentPostprocessing = 0;
		};
/* End PBXSourcesBuildPhase section */

/* Begin PBXTargetDependency section */
		3B2CD6652CE5DCC000C5FCBB /* PBXTargetDependency */ = {
			isa = PBXTargetDependency;
			target = 3B2CD6522CE5DCBE00C5FCBB /* Tonic */;
			targetProxy = 3B2CD6642CE5DCC000C5FCBB /* PBXContainerItemProxy */;
		};
		3B2CD66F2CE5DCC000C5FCBB /* PBXTargetDependency */ = {
			isa = PBXTargetDependency;
			target = 3B2CD6522CE5DCBE00C5FCBB /* Tonic */;
			targetProxy = 3B2CD66E2CE5DCC000C5FCBB /* PBXContainerItemProxy */;
		};
/* End PBXTargetDependency section */

/* Begin XCBuildConfiguration section */
		3B2CD6752CE5DCC000C5FCBB /* Debug */ = {
			isa = XCBuildConfiguration;
			buildSettings = {
				ALWAYS_SEARCH_USER_PATHS = NO;
				ASSETCATALOG_COMPILER_GENERATE_SWIFT_ASSET_SYMBOL_EXTENSIONS = YES;
				CLANG_ANALYZER_NONNULL = YES;
				CLANG_ANALYZER_NUMBER_OBJECT_CONVERSION = YES_AGGRESSIVE;
				CLANG_CXX_LANGUAGE_STANDARD = "gnu++20";
				CLANG_ENABLE_MODULES = YES;
				CLANG_ENABLE_OBJC_ARC = YES;
				CLANG_ENABLE_OBJC_WEAK = YES;
				CLANG_WARN_BLOCK_CAPTURE_AUTORELEASING = YES;
				CLANG_WARN_BOOL_CONVERSION = YES;
				CLANG_WARN_COMMA = YES;
				CLANG_WARN_CONSTANT_CONVERSION = YES;
				CLANG_WARN_DEPRECATED_OBJC_IMPLEMENTATIONS = YES;
				CLANG_WARN_DIRECT_OBJC_ISA_USAGE = YES_ERROR;
				CLANG_WARN_DOCUMENTATION_COMMENTS = YES;
				CLANG_WARN_EMPTY_BODY = YES;
				CLANG_WARN_ENUM_CONVERSION = YES;
				CLANG_WARN_INFINITE_RECURSION = YES;
				CLANG_WARN_INT_CONVERSION = YES;
				CLANG_WARN_NON_LITERAL_NULL_CONVERSION = YES;
				CLANG_WARN_OBJC_IMPLICIT_RETAIN_SELF = YES;
				CLANG_WARN_OBJC_LITERAL_CONVERSION = YES;
				CLANG_WARN_OBJC_ROOT_CLASS = YES_ERROR;
				CLANG_WARN_QUOTED_INCLUDE_IN_FRAMEWORK_HEADER = YES;
				CLANG_WARN_RANGE_LOOP_ANALYSIS = YES;
				CLANG_WARN_STRICT_PROTOTYPES = YES;
				CLANG_WARN_SUSPICIOUS_MOVE = YES;
				CLANG_WARN_UNGUARDED_AVAILABILITY = YES_AGGRESSIVE;
				CLANG_WARN_UNREACHABLE_CODE = YES;
				CLANG_WARN__DUPLICATE_METHOD_MATCH = YES;
				COPY_PHASE_STRIP = NO;
				DEBUG_INFORMATION_FORMAT = dwarf;
				ENABLE_STRICT_OBJC_MSGSEND = YES;
				ENABLE_TESTABILITY = YES;
				ENABLE_USER_SCRIPT_SANDBOXING = YES;
				GCC_C_LANGUAGE_STANDARD = gnu17;
				GCC_DYNAMIC_NO_PIC = NO;
				GCC_NO_COMMON_BLOCKS = YES;
				GCC_OPTIMIZATION_LEVEL = 0;
				GCC_PREPROCESSOR_DEFINITIONS = (
					"DEBUG=1",
					"$(inherited)",
				);
				GCC_WARN_64_TO_32_BIT_CONVERSION = YES;
				GCC_WARN_ABOUT_RETURN_TYPE = YES_ERROR;
				GCC_WARN_UNDECLARED_SELECTOR = YES;
				GCC_WARN_UNINITIALIZED_AUTOS = YES_AGGRESSIVE;
				GCC_WARN_UNUSED_FUNCTION = YES;
				GCC_WARN_UNUSED_VARIABLE = YES;
				IPHONEOS_DEPLOYMENT_TARGET = 18.1;
				LOCALIZATION_PREFERS_STRING_CATALOGS = YES;
				MTL_ENABLE_DEBUG_INFO = INCLUDE_SOURCE;
				MTL_FAST_MATH = YES;
				ONLY_ACTIVE_ARCH = YES;
				SDKROOT = iphoneos;
				SWIFT_ACTIVE_COMPILATION_CONDITIONS = "DEBUG $(inherited)";
				SWIFT_OPTIMIZATION_LEVEL = "-Onone";
			};
			name = Debug;
		};
		3B2CD6762CE5DCC000C5FCBB /* Release */ = {
			isa = XCBuildConfiguration;
			buildSettings = {
				ALWAYS_SEARCH_USER_PATHS = NO;
				ASSETCATALOG_COMPILER_GENERATE_SWIFT_ASSET_SYMBOL_EXTENSIONS = YES;
				CLANG_ANALYZER_NONNULL = YES;
				CLANG_ANALYZER_NUMBER_OBJECT_CONVERSION = YES_AGGRESSIVE;
				CLANG_CXX_LANGUAGE_STANDARD = "gnu++20";
				CLANG_ENABLE_MODULES = YES;
				CLANG_ENABLE_OBJC_ARC = YES;
				CLANG_ENABLE_OBJC_WEAK = YES;
				CLANG_WARN_BLOCK_CAPTURE_AUTORELEASING = YES;
				CLANG_WARN_BOOL_CONVERSION = YES;
				CLANG_WARN_COMMA = YES;
				CLANG_WARN_CONSTANT_CONVERSION = YES;
				CLANG_WARN_DEPRECATED_OBJC_IMPLEMENTATIONS = YES;
				CLANG_WARN_DIRECT_OBJC_ISA_USAGE = YES_ERROR;
				CLANG_WARN_DOCUMENTATION_COMMENTS = YES;
				CLANG_WARN_EMPTY_BODY = YES;
				CLANG_WARN_ENUM_CONVERSION = YES;
				CLANG_WARN_INFINITE_RECURSION = YES;
				CLANG_WARN_INT_CONVERSION = YES;
				CLANG_WARN_NON_LITERAL_NULL_CONVERSION = YES;
				CLANG_WARN_OBJC_IMPLICIT_RETAIN_SELF = YES;
				CLANG_WARN_OBJC_LITERAL_CONVERSION = YES;
				CLANG_WARN_OBJC_ROOT_CLASS = YES_ERROR;
				CLANG_WARN_QUOTED_INCLUDE_IN_FRAMEWORK_HEADER = YES;
				CLANG_WARN_RANGE_LOOP_ANALYSIS = YES;
				CLANG_WARN_STRICT_PROTOTYPES = YES;
				CLANG_WARN_SUSPICIOUS_MOVE = YES;
				CLANG_WARN_UNGUARDED_AVAILABILITY = YES_AGGRESSIVE;
				CLANG_WARN_UNREACHABLE_CODE = YES;
				CLANG_WARN__DUPLICATE_METHOD_MATCH = YES;
				COPY_PHASE_STRIP = NO;
				DEBUG_INFORMATION_FORMAT = "dwarf-with-dsym";
				ENABLE_NS_ASSERTIONS = NO;
				ENABLE_STRICT_OBJC_MSGSEND = YES;
				ENABLE_USER_SCRIPT_SANDBOXING = YES;
				GCC_C_LANGUAGE_STANDARD = gnu17;
				GCC_NO_COMMON_BLOCKS = YES;
				GCC_WARN_64_TO_32_BIT_CONVERSION = YES;
				GCC_WARN_ABOUT_RETURN_TYPE = YES_ERROR;
				GCC_WARN_UNDECLARED_SELECTOR = YES;
				GCC_WARN_UNINITIALIZED_AUTOS = YES_AGGRESSIVE;
				GCC_WARN_UNUSED_FUNCTION = YES;
				GCC_WARN_UNUSED_VARIABLE = YES;
				IPHONEOS_DEPLOYMENT_TARGET = 18.1;
				LOCALIZATION_PREFERS_STRING_CATALOGS = YES;
				MTL_ENABLE_DEBUG_INFO = NO;
				MTL_FAST_MATH = YES;
				SDKROOT = iphoneos;
				SWIFT_COMPILATION_MODE = wholemodule;
				VALIDATE_PRODUCT = YES;
			};
			name = Release;
		};
		3B2CD6782CE5DCC000C5FCBB /* Debug */ = {
			isa = XCBuildConfiguration;
			buildSettings = {
				ASSETCATALOG_COMPILER_APPICON_NAME = AppIcon;
				ASSETCATALOG_COMPILER_GLOBAL_ACCENT_COLOR_NAME = AccentColor;
				CODE_SIGN_STYLE = Automatic;
				CURRENT_PROJECT_VERSION = 1;
				DEVELOPMENT_ASSET_PATHS = "\"Tonic/Preview Content\"";
				ENABLE_PREVIEWS = YES;
				GENERATE_INFOPLIST_FILE = YES;
				INFOPLIST_KEY_UIApplicationSceneManifest_Generation = YES;
				INFOPLIST_KEY_UIApplicationSupportsIndirectInputEvents = YES;
				INFOPLIST_KEY_UILaunchScreen_Generation = YES;
				INFOPLIST_KEY_UISupportedInterfaceOrientations_iPad = "UIInterfaceOrientationPortrait UIInterfaceOrientationPortraitUpsideDown UIInterfaceOrientationLandscapeLeft UIInterfaceOrientationLandscapeRight";
				INFOPLIST_KEY_UISupportedInterfaceOrientations_iPhone = "UIInterfaceOrientationPortrait UIInterfaceOrientationLandscapeLeft UIInterfaceOrientationLandscapeRight";
				LD_RUNPATH_SEARCH_PATHS = (
					"$(inherited)",
					"@executable_path/Frameworks",
				);
				MARKETING_VERSION = 1.0;
				PRODUCT_BUNDLE_IDENTIFIER = com.CL.Tonic;
				PRODUCT_NAME = "$(TARGET_NAME)";
				SWIFT_EMIT_LOC_STRINGS = YES;
				SWIFT_VERSION = 5.0;
				TARGETED_DEVICE_FAMILY = "1,2";
			};
			name = Debug;
		};
		3B2CD6792CE5DCC000C5FCBB /* Release */ = {
			isa = XCBuildConfiguration;
			buildSettings = {
				ASSETCATALOG_COMPILER_APPICON_NAME = AppIcon;
				ASSETCATALOG_COMPILER_GLOBAL_ACCENT_COLOR_NAME = AccentColor;
				CODE_SIGN_STYLE = Automatic;
				CURRENT_PROJECT_VERSION = 1;
				DEVELOPMENT_ASSET_PATHS = "\"Tonic/Preview Content\"";
				ENABLE_PREVIEWS = YES;
				GENERATE_INFOPLIST_FILE = YES;
				INFOPLIST_KEY_UIApplicationSceneManifest_Generation = YES;
				INFOPLIST_KEY_UIApplicationSupportsIndirectInputEvents = YES;
				INFOPLIST_KEY_UILaunchScreen_Generation = YES;
				INFOPLIST_KEY_UISupportedInterfaceOrientations_iPad = "UIInterfaceOrientationPortrait UIInterfaceOrientationPortraitUpsideDown UIInterfaceOrientationLandscapeLeft UIInterfaceOrientationLandscapeRight";
				INFOPLIST_KEY_UISupportedInterfaceOrientations_iPhone = "UIInterfaceOrientationPortrait UIInterfaceOrientationLandscapeLeft UIInterfaceOrientationLandscapeRight";
				LD_RUNPATH_SEARCH_PATHS = (
					"$(inherited)",
					"@executable_path/Frameworks",
				);
				MARKETING_VERSION = 1.0;
				PRODUCT_BUNDLE_IDENTIFIER = com.CL.Tonic;
				PRODUCT_NAME = "$(TARGET_NAME)";
				SWIFT_EMIT_LOC_STRINGS = YES;
				SWIFT_VERSION = 5.0;
				TARGETED_DEVICE_FAMILY = "1,2";
			};
			name = Release;
		};
		3B2CD67B2CE5DCC000C5FCBB /* Debug */ = {
			isa = XCBuildConfiguration;
			buildSettings = {
				BUNDLE_LOADER = "$(TEST_HOST)";
				CODE_SIGN_STYLE = Automatic;
				CURRENT_PROJECT_VERSION = 1;
				GENERATE_INFOPLIST_FILE = YES;
				IPHONEOS_DEPLOYMENT_TARGET = 18.1;
				MARKETING_VERSION = 1.0;
				PRODUCT_BUNDLE_IDENTIFIER = com.CL.TonicTests;
				PRODUCT_NAME = "$(TARGET_NAME)";
				SWIFT_EMIT_LOC_STRINGS = NO;
				SWIFT_VERSION = 5.0;
				TARGETED_DEVICE_FAMILY = "1,2";
				TEST_HOST = "$(BUILT_PRODUCTS_DIR)/Tonic.app/$(BUNDLE_EXECUTABLE_FOLDER_PATH)/Tonic";
			};
			name = Debug;
		};
		3B2CD67C2CE5DCC000C5FCBB /* Release */ = {
			isa = XCBuildConfiguration;
			buildSettings = {
				BUNDLE_LOADER = "$(TEST_HOST)";
				CODE_SIGN_STYLE = Automatic;
				CURRENT_PROJECT_VERSION = 1;
				GENERATE_INFOPLIST_FILE = YES;
				IPHONEOS_DEPLOYMENT_TARGET = 18.1;
				MARKETING_VERSION = 1.0;
				PRODUCT_BUNDLE_IDENTIFIER = com.CL.TonicTests;
				PRODUCT_NAME = "$(TARGET_NAME)";
				SWIFT_EMIT_LOC_STRINGS = NO;
				SWIFT_VERSION = 5.0;
				TARGETED_DEVICE_FAMILY = "1,2";
				TEST_HOST = "$(BUILT_PRODUCTS_DIR)/Tonic.app/$(BUNDLE_EXECUTABLE_FOLDER_PATH)/Tonic";
			};
			name = Release;
		};
		3B2CD67E2CE5DCC000C5FCBB /* Debug */ = {
			isa = XCBuildConfiguration;
			buildSettings = {
				CODE_SIGN_STYLE = Automatic;
				CURRENT_PROJECT_VERSION = 1;
				GENERATE_INFOPLIST_FILE = YES;
				MARKETING_VERSION = 1.0;
				PRODUCT_BUNDLE_IDENTIFIER = com.CL.TonicUITests;
				PRODUCT_NAME = "$(TARGET_NAME)";
				SWIFT_EMIT_LOC_STRINGS = NO;
				SWIFT_VERSION = 5.0;
				TARGETED_DEVICE_FAMILY = "1,2";
				TEST_TARGET_NAME = Tonic;
			};
			name = Debug;
		};
		3B2CD67F2CE5DCC000C5FCBB /* Release */ = {
			isa = XCBuildConfiguration;
			buildSettings = {
				CODE_SIGN_STYLE = Automatic;
				CURRENT_PROJECT_VERSION = 1;
				GENERATE_INFOPLIST_FILE = YES;
				MARKETING_VERSION = 1.0;
				PRODUCT_BUNDLE_IDENTIFIER = com.CL.TonicUITests;
				PRODUCT_NAME = "$(TARGET_NAME)";
				SWIFT_EMIT_LOC_STRINGS = NO;
				SWIFT_VERSION = 5.0;
				TARGETED_DEVICE_FAMILY = "1,2";
				TEST_TARGET_NAME = Tonic;
			};
			name = Release;
		};
/* End XCBuildConfiguration section */

/* Begin XCConfigurationList section */
		3B2CD64E2CE5DCBE00C5FCBB /* Build configuration list for PBXProject "Tonic" */ = {
			isa = XCConfigurationList;
			buildConfigurations = (
				3B2CD6752CE5DCC000C5FCBB /* Debug */,
				3B2CD6762CE5DCC000C5FCBB /* Release */,
			);
			defaultConfigurationIsVisible = 0;
			defaultConfigurationName = Release;
		};
		3B2CD6772CE5DCC000C5FCBB /* Build configuration list for PBXNativeTarget "Tonic" */ = {
			isa = XCConfigurationList;
			buildConfigurations = (
				3B2CD6782CE5DCC000C5FCBB /* Debug */,
				3B2CD6792CE5DCC000C5FCBB /* Release */,
			);
			defaultConfigurationIsVisible = 0;
			defaultConfigurationName = Release;
		};
		3B2CD67A2CE5DCC000C5FCBB /* Build configuration list for PBXNativeTarget "TonicTests" */ = {
			isa = XCConfigurationList;
			buildConfigurations = (
				3B2CD67B2CE5DCC000C5FCBB /* Debug */,
				3B2CD67C2CE5DCC000C5FCBB /* Release */,
			);
			defaultConfigurationIsVisible = 0;
			defaultConfigurationName = Release;
		};
		3B2CD67D2CE5DCC000C5FCBB /* Build configuration list for PBXNativeTarget "TonicUITests" */ = {
			isa = XCConfigurationList;
			buildConfigurations = (
				3B2CD67E2CE5DCC000C5FCBB /* Debug */,
				3B2CD67F2CE5DCC000C5FCBB /* Release */,
			);
			defaultConfigurationIsVisible = 0;
			defaultConfigurationName = Release;
		};
/* End XCConfigurationList section */
	};
	rootObject = 3B2CD64B2CE5DCBE00C5FCBB /* Project object */;
}
